
Microsoft Visual Studio Solution File, Format Version 12.00
# Visual Studio 15
VisualStudioVersion = 15.0.28307.421
MinimumVisualStudioVersion = 10.0.40219.1
Project("{FAE04EC0-301F-11D3-BF4B-00C04F79EFBC}") = "LocateMe.Android", "LocateMe\LocateMe.Android\LocateMe.Android.csproj", "{022C9E6B-F558-44BA-A931-FCAC252169B6}"
EndProject
Project("{FAE04EC0-301F-11D3-BF4B-00C04F79EFBC}") = "LocateMe.iOS", "LocateMe\LocateMe.iOS\LocateMe.iOS.csproj", "{DD3E285E-E720-4B0C-8A25-3E60B3C1F19E}"
EndProject
Project("{FAE04EC0-301F-11D3-BF4B-00C04F79EFBC}") = "LocateMe", "LocateMe\LocateMe\LocateMe.csproj", "{068DD73D-F184-4993-99D0-7A6DE3B5E8B2}"
EndProject
Global
	GlobalSection(SolutionConfigurationPlatforms) = preSolution
		Ad-Hoc|Any CPU = Ad-Hoc|Any CPU
		Ad-Hoc|iPhone = Ad-Hoc|iPhone
		Ad-Hoc|iPhoneSimulator = Ad-Hoc|iPhoneSimulator
		AppStore|Any CPU = AppStore|Any CPU
		AppStore|iPhone = AppStore|iPhone
		AppStore|iPhoneSimulator = AppStore|iPhoneSimulator
		Debug|Any CPU = Debug|Any CPU
		Debug|iPhone = Debug|iPhone
		Debug|iPhoneSimulator = Debug|iPhoneSimulator
		Release|Any CPU = Release|Any CPU
		Release|iPhone = Release|iPhone
		Release|iPhoneSimulator = Release|iPhoneSimulator
	EndGlobalSection
	GlobalSection(ProjectConfigurationPlatforms) = postSolution
		{022C9E6B-F558-44BA-A931-FCAC252169B6}.Ad-Hoc|Any CPU.ActiveCfg = Release|Any CPU
		{022C9E6B-F558-44BA-A931-FCAC252169B6}.Ad-Hoc|Any CPU.Build.0 = Release|Any CPU
		{022C9E6B-F558-44BA-A931-FCAC252169B6}.Ad-Hoc|Any CPU.Deploy.0 = Release|Any CPU
		{022C9E6B-F558-44BA-A931-FCAC252169B6}.Ad-Hoc|iPhone.ActiveCfg = Release|Any CPU
		{022C9E6B-F558-44BA-A931-FCAC252169B6}.Ad-Hoc|iPhone.Build.0 = Release|Any CPU
		{022C9E6B-F558-44BA-A931-FCAC252169B6}.Ad-Hoc|iPhone.Deploy.0 = Release|Any CPU
		{022C9E6B-F558-44BA-A931-FCAC252169B6}.Ad-Hoc|iPhoneSimulator.ActiveCfg = Release|Any CPU
		{022C9E6B-F558-44BA-A931-FCAC252169B6}.Ad-Hoc|iPhoneSimulator.Build.0 = Release|Any CPU
		{022C9E6B-F558-44BA-A931-FCAC252169B6}.Ad-Hoc|iPhoneSimulator.Deploy.0 = Release|Any CPU
		{022C9E6B-F558-44BA-A931-FCAC252169B6}.AppStore|Any CPU.ActiveCfg = Release|Any CPU
		{022C9E6B-F558-44BA-A931-FCAC252169B6}.AppStore|Any CPU.Build.0 = Release|Any CPU
		{022C9E6B-F558-44BA-A931-FCAC252169B6}.AppStore|Any CPU.Deploy.0 = Release|Any CPU
		{022C9E6B-F558-44BA-A931-FCAC252169B6}.AppStore|iPhone.ActiveCfg = Release|Any CPU
		{022C9E6B-F558-44BA-A931-FCAC252169B6}.AppStore|iPhone.Build.0 = Release|Any CPU
		{022C9E6B-F558-44BA-A931-FCAC252169B6}.AppStore|iPhone.Deploy.0 = Release|Any CPU
		{022C9E6B-F558-44BA-A931-FCAC252169B6}.AppStore|iPhoneSimulator.ActiveCfg = Release|Any CPU
		{022C9E6B-F558-44BA-A931-FCAC252169B6}.AppStore|iPhoneSimulator.Build.0 = Release|Any CPU
		{022C9E6B-F558-44BA-A931-FCAC252169B6}.AppStore|iPhoneSimulator.Deploy.0 = Release|Any CPU
		{022C9E6B-F558-44BA-A931-FCAC252169B6}.Debug|Any CPU.ActiveCfg = Debug|Any CPU
		{022C9E6B-F558-44BA-A931-FCAC252169B6}.Debug|Any CPU.Build.0 = Debug|Any CPU
		{022C9E6B-F558-44BA-A931-FCAC252169B6}.Debug|Any CPU.Deploy.0 = Debug|Any CPU
		{022C9E6B-F558-44BA-A931-FCAC252169B6}.Debug|iPhone.ActiveCfg = Debug|Any CPU
		{022C9E6B-F558-44BA-A931-FCAC252169B6}.Debug|iPhone.Build.0 = Debug|Any CPU
		{022C9E6B-F558-44BA-A931-FCAC252169B6}.Debug|iPhone.Deploy.0 = Debug|Any CPU
		{022C9E6B-F558-44BA-A931-FCAC252169B6}.Debug|iPhoneSimulator.ActiveCfg = Debug|Any CPU
		{022C9E6B-F558-44BA-A931-FCAC252169B6}.Debug|iPhoneSimulator.Build.0 = Debug|Any CPU
		{022C9E6B-F558-44BA-A931-FCAC252169B6}.Debug|iPhoneSimulator.Deploy.0 = Debug|Any CPU
		{022C9E6B-F558-44BA-A931-FCAC252169B6}.Release|Any CPU.ActiveCfg = Release|Any CPU
		{022C9E6B-F558-44BA-A931-FCAC252169B6}.Release|Any CPU.Build.0 = Release|Any CPU
		{022C9E6B-F558-44BA-A931-FCAC252169B6}.Release|Any CPU.Deploy.0 = Release|Any CPU
		{022C9E6B-F558-44BA-A931-FCAC252169B6}.Release|iPhone.ActiveCfg = Release|Any CPU
		{022C9E6B-F558-44BA-A931-FCAC252169B6}.Release|iPhone.Build.0 = Release|Any CPU
		{022C9E6B-F558-44BA-A931-FCAC252169B6}.Release|iPhone.Deploy.0 = Release|Any CPU
		{022C9E6B-F558-44BA-A931-FCAC252169B6}.Release|iPhoneSimulator.ActiveCfg = Release|Any CPU
		{022C9E6B-F558-44BA-A931-FCAC252169B6}.Release|iPhoneSimulator.Build.0 = Release|Any CPU
		{022C9E6B-F558-44BA-A931-FCAC252169B6}.Release|iPhoneSimulator.Deploy.0 = Release|Any CPU
		{DD3E285E-E720-4B0C-8A25-3E60B3C1F19E}.Ad-Hoc|Any CPU.ActiveCfg = Ad-Hoc|iPhone
		{DD3E285E-E720-4B0C-8A25-3E60B3C1F19E}.Ad-Hoc|Any CPU.Build.0 = Ad-Hoc|iPhone
		{DD3E285E-E720-4B0C-8A25-3E60B3C1F19E}.Ad-Hoc|Any CPU.Deploy.0 = Ad-Hoc|iPhone
		{DD3E285E-E720-4B0C-8A25-3E60B3C1F19E}.Ad-Hoc|iPhone.ActiveCfg = Ad-Hoc|iPhone
		{DD3E285E-E720-4B0C-8A25-3E60B3C1F19E}.Ad-Hoc|iPhone.Build.0 = Ad-Hoc|iPhone
		{DD3E285E-E720-4B0C-8A25-3E60B3C1F19E}.Ad-Hoc|iPhone.Deploy.0 = Ad-Hoc|iPhone
		{DD3E285E-E720-4B0C-8A25-3E60B3C1F19E}.Ad-Hoc|iPhoneSimulator.ActiveCfg = Ad-Hoc|iPhoneSimulator
		{DD3E285E-E720-4B0C-8A25-3E60B3C1F19E}.Ad-Hoc|iPhoneSimulator.Build.0 = Ad-Hoc|iPhoneSimulator
		{DD3E285E-E720-4B0C-8A25-3E60B3C1F19E}.Ad-Hoc|iPhoneSimulator.Deploy.0 = Ad-Hoc|iPhoneSimulator
		{DD3E285E-E720-4B0C-8A25-3E60B3C1F19E}.AppStore|Any CPU.ActiveCfg = AppStore|iPhone
		{DD3E285E-E720-4B0C-8A25-3E60B3C1F19E}.AppStore|Any CPU.Build.0 = AppStore|iPhone
		{DD3E285E-E720-4B0C-8A25-3E60B3C1F19E}.AppStore|Any CPU.Deploy.0 = AppStore|iPhone
		{DD3E285E-E720-4B0C-8A25-3E60B3C1F19E}.AppStore|iPhone.ActiveCfg = AppStore|iPhone
		{DD3E285E-E720-4B0C-8A25-3E60B3C1F19E}.AppStore|iPhone.Build.0 = AppStore|iPhone
		{DD3E285E-E720-4B0C-8A25-3E60B3C1F19E}.AppStore|iPhone.Deploy.0 = AppStore|iPhone
		{DD3E285E-E720-4B0C-8A25-3E60B3C1F19E}.AppStore|iPhoneSimulator.ActiveCfg = AppStore|iPhoneSimulator
		{DD3E285E-E720-4B0C-8A25-3E60B3C1F19E}.AppStore|iPhoneSimulator.Build.0 = AppStore|iPhoneSimulator
		{DD3E285E-E720-4B0C-8A25-3E60B3C1F19E}.AppStore|iPhoneSimulator.Deploy.0 = AppStore|iPhoneSimulator
		{DD3E285E-E720-4B0C-8A25-3E60B3C1F19E}.Debug|Any CPU.ActiveCfg = Debug|iPhoneSimulator
		{DD3E285E-E720-4B0C-8A25-3E60B3C1F19E}.Debug|Any CPU.Build.0 = Debug|iPhoneSimulator
		{DD3E285E-E720-4B0C-8A25-3E60B3C1F19E}.Debug|Any CPU.Deploy.0 = Debug|iPhoneSimulator
		{DD3E285E-E720-4B0C-8A25-3E60B3C1F19E}.Debug|iPhone.ActiveCfg = Debug|iPhone
		{DD3E285E-E720-4B0C-8A25-3E60B3C1F19E}.Debug|iPhone.Build.0 = Debug|iPhone
		{DD3E285E-E720-4B0C-8A25-3E60B3C1F19E}.Debug|iPhone.Deploy.0 = Debug|iPhone
		{DD3E285E-E720-4B0C-8A25-3E60B3C1F19E}.Debug|iPhoneSimulator.ActiveCfg = Debug|iPhoneSimulator
		{DD3E285E-E720-4B0C-8A25-3E60B3C1F19E}.Debug|iPhoneSimulator.Build.0 = Debug|iPhoneSimulator
		{DD3E285E-E720-4B0C-8A25-3E60B3C1F19E}.Debug|iPhoneSimulator.Deploy.0 = Debug|iPhoneSimulator
		{DD3E285E-E720-4B0C-8A25-3E60B3C1F19E}.Release|Any CPU.ActiveCfg = Release|iPhone
		{DD3E285E-E720-4B0C-8A25-3E60B3C1F19E}.Release|Any CPU.Build.0 = Release|iPhone
		{DD3E285E-E720-4B0C-8A25-3E60B3C1F19E}.Release|Any CPU.Deploy.0 = Release|iPhone
		{DD3E285E-E720-4B0C-8A25-3E60B3C1F19E}.Release|iPhone.ActiveCfg = Release|iPhone
		{DD3E285E-E720-4B0C-8A25-3E60B3C1F19E}.Release|iPhone.Build.0 = Release|iPhone
		{DD3E285E-E720-4B0C-8A25-3E60B3C1F19E}.Release|iPhone.Deploy.0 = Release|iPhone
		{DD3E285E-E720-4B0C-8A25-3E60B3C1F19E}.Release|iPhoneSimulator.ActiveCfg = Release|iPhoneSimulator
		{DD3E285E-E720-4B0C-8A25-3E60B3C1F19E}.Release|iPhoneSimulator.Build.0 = Release|iPhoneSimulator
		{DD3E285E-E720-4B0C-8A25-3E60B3C1F19E}.Release|iPhoneSimulator.Deploy.0 = Release|iPhoneSimulator
		{068DD73D-F184-4993-99D0-7A6DE3B5E8B2}.Ad-Hoc|Any CPU.ActiveCfg = Debug|Any CPU
		{068DD73D-F184-4993-99D0-7A6DE3B5E8B2}.Ad-Hoc|Any CPU.Build.0 = Debug|Any CPU
		{068DD73D-F184-4993-99D0-7A6DE3B5E8B2}.Ad-Hoc|Any CPU.Deploy.0 = Debug|Any CPU
		{068DD73D-F184-4993-99D0-7A6DE3B5E8B2}.Ad-Hoc|iPhone.ActiveCfg = Debug|Any CPU
		{068DD73D-F184-4993-99D0-7A6DE3B5E8B2}.Ad-Hoc|iPhone.Build.0 = Debug|Any CPU
		{068DD73D-F184-4993-99D0-7A6DE3B5E8B2}.Ad-Hoc|iPhone.Deploy.0 = Debug|Any CPU
		{068DD73D-F184-4993-99D0-7A6DE3B5E8B2}.Ad-Hoc|iPhoneSimulator.ActiveCfg = Debug|Any CPU
		{068DD73D-F184-4993-99D0-7A6DE3B5E8B2}.Ad-Hoc|iPhoneSimulator.Build.0 = Debug|Any CPU
		{068DD73D-F184-4993-99D0-7A6DE3B5E8B2}.Ad-Hoc|iPhoneSimulator.Deploy.0 = Debug|Any CPU
		{068DD73D-F184-4993-99D0-7A6DE3B5E8B2}.AppStore|Any CPU.ActiveCfg = Debug|Any CPU
		{068DD73D-F184-4993-99D0-7A6DE3B5E8B2}.AppStore|Any CPU.Build.0 = Debug|Any CPU
		{068DD73D-F184-4993-99D0-7A6DE3B5E8B2}.AppStore|Any CPU.Deploy.0 = Debug|Any CPU
		{068DD73D-F184-4993-99D0-7A6DE3B5E8B2}.AppStore|iPhone.ActiveCfg = Debug|Any CPU
		{068DD73D-F184-4993-99D0-7A6DE3B5E8B2}.AppStore|iPhone.Build.0 = Debug|Any CPU
		{068DD73D-F184-4993-99D0-7A6DE3B5E8B2}.AppStore|iPhone.Deploy.0 = Debug|Any CPU
		{068DD73D-F184-4993-99D0-7A6DE3B5E8B2}.AppStore|iPhoneSimulator.ActiveCfg = Debug|Any CPU
		{068DD73D-F184-4993-99D0-7A6DE3B5E8B2}.AppStore|iPhoneSimulator.Build.0 = Debug|Any CPU
		{068DD73D-F184-4993-99D0-7A6DE3B5E8B2}.AppStore|iPhoneSimulator.Deploy.0 = Debug|Any CPU
		{068DD73D-F184-4993-99D0-7A6DE3B5E8B2}.Debug|Any CPU.ActiveCfg = Debug|Any CPU
		{068DD73D-F184-4993-99D0-7A6DE3B5E8B2}.Debug|Any CPU.Build.0 = Debug|Any CPU
		{068DD73D-F184-4993-99D0-7A6DE3B5E8B2}.Debug|Any CPU.Deploy.0 = Debug|Any CPU
		{068DD73D-F184-4993-99D0-7A6DE3B5E8B2}.Debug|iPhone.ActiveCfg = Debug|Any CPU
		{068DD73D-F184-4993-99D0-7A6DE3B5E8B2}.Debug|iPhone.Build.0 = Debug|Any CPU
		{068DD73D-F184-4993-99D0-7A6DE3B5E8B2}.Debug|iPhone.Deploy.0 = Debug|Any CPU
		{068DD73D-F184-4993-99D0-7A6DE3B5E8B2}.Debug|iPhoneSimulator.ActiveCfg = Debug|Any CPU
		{068DD73D-F184-4993-99D0-7A6DE3B5E8B2}.Debug|iPhoneSimulator.Build.0 = Debug|Any CPU
		{068DD73D-F184-4993-99D0-7A6DE3B5E8B2}.Debug|iPhoneSimulator.Deploy.0 = Debug|Any CPU
		{068DD73D-F184-4993-99D0-7A6DE3B5E8B2}.Release|Any CPU.ActiveCfg = Release|Any CPU
		{068DD73D-F184-4993-99D0-7A6DE3B5E8B2}.Release|Any CPU.Build.0 = Release|Any CPU
		{068DD73D-F184-4993-99D0-7A6DE3B5E8B2}.Release|Any CPU.Deploy.0 = Release|Any CPU
		{068DD73D-F184-4993-99D0-7A6DE3B5E8B2}.Release|iPhone.ActiveCfg = Release|Any CPU
		{068DD73D-F184-4993-99D0-7A6DE3B5E8B2}.Release|iPhone.Build.0 = Release|Any CPU
		{068DD73D-F184-4993-99D0-7A6DE3B5E8B2}.Release|iPhone.Deploy.0 = Release|Any CPU
		{068DD73D-F184-4993-99D0-7A6DE3B5E8B2}.Release|iPhoneSimulator.ActiveCfg = Release|Any CPU
		{068DD73D-F184-4993-99D0-7A6DE3B5E8B2}.Release|iPhoneSimulator.Build.0 = Release|Any CPU
		{068DD73D-F184-4993-99D0-7A6DE3B5E8B2}.Release|iPhoneSimulator.Deploy.0 = Release|Any CPU
	EndGlobalSection
	GlobalSection(SolutionProperties) = preSolution
		HideSolutionNode = FALSE
	EndGlobalSection
	GlobalSection(ExtensibilityGlobals) = postSolution
		SolutionGuid = {605E5E63-D105-41FB-8FC7-84BF8A630F4C}
	EndGlobalSection
EndGlobal
